<?xml version="1.0" encoding="utf-8"?>
<Project ToolsVersion="17.0" xmlns="http://schemas.microsoft.com/developer/msbuild/2003">
  <ItemGroup>
    <ClCompile Include="H:\LIU\3d Graphics\Project\RadianceCascades\GLMain.cpp">
      <Filter>Source Files</Filter>
    </ClCompile>
    <ClCompile Include="H:\LIU\3d Graphics\Project\RadianceCascades\Rotator.cpp">
      <Filter>Source Files</Filter>
    </ClCompile>
    <ClCompile Include="H:\LIU\3d Graphics\Project\RadianceCascades\Shader.cpp">
      <Filter>Source Files</Filter>
    </ClCompile>
    <ClCompile Include="H:\LIU\3d Graphics\Project\RadianceCascades\Texture.cpp">
      <Filter>Source Files</Filter>
    </ClCompile>
    <ClCompile Include="H:\LIU\3d Graphics\Project\RadianceCascades\TriangleSoup.cpp">
      <Filter>Source Files</Filter>
    </ClCompile>
    <ClCompile Include="H:\LIU\3d Graphics\Project\RadianceCascades\Utilities.cpp">
      <Filter>Source Files</Filter>
    </ClCompile>
  </ItemGroup>
  <ItemGroup>
    <ClInclude Include="H:\LIU\3d Graphics\Project\RadianceCascades\Rotator.hpp">
      <Filter>Header Files</Filter>
    </ClInclude>
    <ClInclude Include="H:\LIU\3d Graphics\Project\RadianceCascades\Shader.hpp">
      <Filter>Header Files</Filter>
    </ClInclude>
    <ClInclude Include="H:\LIU\3d Graphics\Project\RadianceCascades\Texture.hpp">
      <Filter>Header Files</Filter>
    </ClInclude>
    <ClInclude Include="H:\LIU\3d Graphics\Project\RadianceCascades\TriangleSoup.hpp">
      <Filter>Header Files</Filter>
    </ClInclude>
    <ClInclude Include="H:\LIU\3d Graphics\Project\RadianceCascades\Utilities.hpp">
      <Filter>Header Files</Filter>
    </ClInclude>
  </ItemGroup>
  <ItemGroup>
    <CustomBuild Include="H:\LIU\3d Graphics\Project\RadianceCascades\CMakeLists.txt" />
  </ItemGroup>
  <ItemGroup>
    <Filter Include="Header Files">
      <UniqueIdentifier>{D0B9C242-F4B7-3334-8813-05A2F52BAC98}</UniqueIdentifier>
    </Filter>
    <Filter Include="Source Files">
      <UniqueIdentifier>{F27DA0D8-FCD6-3D69-A35C-3A740AD381BC}</UniqueIdentifier>
    </Filter>
  </ItemGroup>
</Project>
