<?xml version="1.0" encoding="utf-8"?>
<Project ToolsVersion="17.0" xmlns="http://schemas.microsoft.com/developer/msbuild/2003">
  <ItemGroup>
    <CustomBuild Include="H:\LIU\3d Graphics\Project\RadianceCascades\CMakeFiles\ffe4b11ebff423d81ae8c6ba9ec3d529\generate.stamp.rule">
      <Filter>CMake Rules</Filter>
    </CustomBuild>
  </ItemGroup>
  <ItemGroup>
    <Filter Include="CMake Rules">
      <UniqueIdentifier>{3931345E-37D4-307F-95B1-D0E1086C8023}</UniqueIdentifier>
    </Filter>
  </ItemGroup>
</Project>
