
Microsoft Visual Studio Solution File, Format Version 12.00
# Visual Studio Version 17
Project("{2150E333-8FDC-42A3-9474-1A3956D46DE8}") = "CMakePredefinedTargets", "CMakePredefinedTargets", "{4C6BA693-0D8E-36B0-8162-43E89492ADBC}"
EndProject
Project("{2150E333-8FDC-42A3-9474-1A3956D46DE8}") = "GLFW3", "GLFW3", "{F5C8762D-E30A-3A62-A186-CBDE515078DF}"
EndProject
Project("{8BC9CEB8-8B4A-11D0-8D11-00A0C91BC942}") = "ALL_BUILD", "ALL_BUILD.vcxproj", "{8A627414-3023-3141-AD63-57E30A5E4790}"
	ProjectSection(ProjectDependencies) = postProject
		{1074891B-655C-312D-870A-96A3A2756147} = {1074891B-655C-312D-870A-96A3A2756147}
		{BD59C824-1971-3724-9E98-A3A328927339} = {BD59C824-1971-3724-9E98-A3A328927339}
	EndProjectSection
EndProject
Project("{8BC9CEB8-8B4A-11D0-8D11-00A0C91BC942}") = "INSTALL", "INSTALL.vcxproj", "{4ACFB111-1F05-3F5A-A8E8-B646703AE361}"
	ProjectSection(ProjectDependencies) = postProject
		{8A627414-3023-3141-AD63-57E30A5E4790} = {8A627414-3023-3141-AD63-57E30A5E4790}
		{1074891B-655C-312D-870A-96A3A2756147} = {1074891B-655C-312D-870A-96A3A2756147}
	EndProjectSection
EndProject
Project("{8BC9CEB8-8B4A-11D0-8D11-00A0C91BC942}") = "ZERO_CHECK", "..\\ZERO_CHECK.vcxproj", "{1074891B-655C-312D-870A-96A3A2756147}"
	ProjectSection(ProjectDependencies) = postProject
	EndProjectSection
EndProject
Project("{8BC9CEB8-8B4A-11D0-8D11-00A0C91BC942}") = "glfw", "src\glfw.vcxproj", "{BD59C824-1971-3724-9E98-A3A328927339}"
	ProjectSection(ProjectDependencies) = postProject
		{1074891B-655C-312D-870A-96A3A2756147} = {1074891B-655C-312D-870A-96A3A2756147}
	EndProjectSection
EndProject
Project("{8BC9CEB8-8B4A-11D0-8D11-00A0C91BC942}") = "uninstall", "uninstall.vcxproj", "{396589B5-1847-3C3C-B6D2-4CC16EC4CA8D}"
	ProjectSection(ProjectDependencies) = postProject
		{1074891B-655C-312D-870A-96A3A2756147} = {1074891B-655C-312D-870A-96A3A2756147}
	EndProjectSection
EndProject
Global
	GlobalSection(SolutionConfigurationPlatforms) = preSolution
		Debug|x64 = Debug|x64
		Release|x64 = Release|x64
		MinSizeRel|x64 = MinSizeRel|x64
		RelWithDebInfo|x64 = RelWithDebInfo|x64
	EndGlobalSection
	GlobalSection(ProjectConfigurationPlatforms) = postSolution
		{8A627414-3023-3141-AD63-57E30A5E4790}.Debug|x64.ActiveCfg = Debug|x64
		{8A627414-3023-3141-AD63-57E30A5E4790}.Debug|x64.Build.0 = Debug|x64
		{8A627414-3023-3141-AD63-57E30A5E4790}.Release|x64.ActiveCfg = Release|x64
		{8A627414-3023-3141-AD63-57E30A5E4790}.Release|x64.Build.0 = Release|x64
		{8A627414-3023-3141-AD63-57E30A5E4790}.MinSizeRel|x64.ActiveCfg = MinSizeRel|x64
		{8A627414-3023-3141-AD63-57E30A5E4790}.MinSizeRel|x64.Build.0 = MinSizeRel|x64
		{8A627414-3023-3141-AD63-57E30A5E4790}.RelWithDebInfo|x64.ActiveCfg = RelWithDebInfo|x64
		{8A627414-3023-3141-AD63-57E30A5E4790}.RelWithDebInfo|x64.Build.0 = RelWithDebInfo|x64
		{4ACFB111-1F05-3F5A-A8E8-B646703AE361}.Debug|x64.ActiveCfg = Debug|x64
		{4ACFB111-1F05-3F5A-A8E8-B646703AE361}.Release|x64.ActiveCfg = Release|x64
		{4ACFB111-1F05-3F5A-A8E8-B646703AE361}.MinSizeRel|x64.ActiveCfg = MinSizeRel|x64
		{4ACFB111-1F05-3F5A-A8E8-B646703AE361}.RelWithDebInfo|x64.ActiveCfg = RelWithDebInfo|x64
		{1074891B-655C-312D-870A-96A3A2756147}.Debug|x64.ActiveCfg = Debug|x64
		{1074891B-655C-312D-870A-96A3A2756147}.Debug|x64.Build.0 = Debug|x64
		{1074891B-655C-312D-870A-96A3A2756147}.Release|x64.ActiveCfg = Release|x64
		{1074891B-655C-312D-870A-96A3A2756147}.Release|x64.Build.0 = Release|x64
		{1074891B-655C-312D-870A-96A3A2756147}.MinSizeRel|x64.ActiveCfg = MinSizeRel|x64
		{1074891B-655C-312D-870A-96A3A2756147}.MinSizeRel|x64.Build.0 = MinSizeRel|x64
		{1074891B-655C-312D-870A-96A3A2756147}.RelWithDebInfo|x64.ActiveCfg = RelWithDebInfo|x64
		{1074891B-655C-312D-870A-96A3A2756147}.RelWithDebInfo|x64.Build.0 = RelWithDebInfo|x64
		{BD59C824-1971-3724-9E98-A3A328927339}.Debug|x64.ActiveCfg = Debug|x64
		{BD59C824-1971-3724-9E98-A3A328927339}.Debug|x64.Build.0 = Debug|x64
		{BD59C824-1971-3724-9E98-A3A328927339}.Release|x64.ActiveCfg = Release|x64
		{BD59C824-1971-3724-9E98-A3A328927339}.Release|x64.Build.0 = Release|x64
		{BD59C824-1971-3724-9E98-A3A328927339}.MinSizeRel|x64.ActiveCfg = MinSizeRel|x64
		{BD59C824-1971-3724-9E98-A3A328927339}.MinSizeRel|x64.Build.0 = MinSizeRel|x64
		{BD59C824-1971-3724-9E98-A3A328927339}.RelWithDebInfo|x64.ActiveCfg = RelWithDebInfo|x64
		{BD59C824-1971-3724-9E98-A3A328927339}.RelWithDebInfo|x64.Build.0 = RelWithDebInfo|x64
		{396589B5-1847-3C3C-B6D2-4CC16EC4CA8D}.Debug|x64.ActiveCfg = Debug|x64
		{396589B5-1847-3C3C-B6D2-4CC16EC4CA8D}.Release|x64.ActiveCfg = Release|x64
		{396589B5-1847-3C3C-B6D2-4CC16EC4CA8D}.MinSizeRel|x64.ActiveCfg = MinSizeRel|x64
		{396589B5-1847-3C3C-B6D2-4CC16EC4CA8D}.RelWithDebInfo|x64.ActiveCfg = RelWithDebInfo|x64
	EndGlobalSection
	GlobalSection(NestedProjects) = preSolution
		{8A627414-3023-3141-AD63-57E30A5E4790} = {4C6BA693-0D8E-36B0-8162-43E89492ADBC}
		{4ACFB111-1F05-3F5A-A8E8-B646703AE361} = {4C6BA693-0D8E-36B0-8162-43E89492ADBC}
		{1074891B-655C-312D-870A-96A3A2756147} = {4C6BA693-0D8E-36B0-8162-43E89492ADBC}
		{BD59C824-1971-3724-9E98-A3A328927339} = {F5C8762D-E30A-3A62-A186-CBDE515078DF}
		{396589B5-1847-3C3C-B6D2-4CC16EC4CA8D} = {F5C8762D-E30A-3A62-A186-CBDE515078DF}
	EndGlobalSection
	GlobalSection(ExtensibilityGlobals) = postSolution
		SolutionGuid = {B14BB8E4-0D12-376B-9F39-3FBB12669517}
	EndGlobalSection
	GlobalSection(ExtensibilityAddIns) = postSolution
	EndGlobalSection
EndGlobal
