
Microsoft Visual Studio Solution File, Format Version 12.00
# Visual Studio Version 17
Project("{2150E333-8FDC-42A3-9474-1A3956D46DE8}") = "CMakePredefinedTargets", "CMakePredefinedTargets", "{4C6BA693-0D8E-36B0-8162-43E89492ADBC}"
EndProject
Project("{8BC9CEB8-8B4A-11D0-8D11-00A0C91BC942}") = "ALL_BUILD", "ALL_BUILD.vcxproj", "{8A627414-3023-3141-AD63-57E30A5E4790}"
	ProjectSection(ProjectDependencies) = postProject
		{6B8AAB7E-6C2D-3A62-B8ED-05678D6C3028} = {6B8AAB7E-6C2D-3A62-B8ED-05678D6C3028}
		{1074891B-655C-312D-870A-96A3A2756147} = {1074891B-655C-312D-870A-96A3A2756147}
	EndProjectSection
EndProject
Project("{8BC9CEB8-8B4A-11D0-8D11-00A0C91BC942}") = "GLEW", "GLEW.vcxproj", "{6B8AAB7E-6C2D-3A62-B8ED-05678D6C3028}"
	ProjectSection(ProjectDependencies) = postProject
		{1074891B-655C-312D-870A-96A3A2756147} = {1074891B-655C-312D-870A-96A3A2756147}
	EndProjectSection
EndProject
Project("{8BC9CEB8-8B4A-11D0-8D11-00A0C91BC942}") = "INSTALL", "INSTALL.vcxproj", "{4ACFB111-1F05-3F5A-A8E8-B646703AE361}"
	ProjectSection(ProjectDependencies) = postProject
		{8A627414-3023-3141-AD63-57E30A5E4790} = {8A627414-3023-3141-AD63-57E30A5E4790}
		{1074891B-655C-312D-870A-96A3A2756147} = {1074891B-655C-312D-870A-96A3A2756147}
	EndProjectSection
EndProject
Project("{8BC9CEB8-8B4A-11D0-8D11-00A0C91BC942}") = "ZERO_CHECK", "..\\ZERO_CHECK.vcxproj", "{1074891B-655C-312D-870A-96A3A2756147}"
	ProjectSection(ProjectDependencies) = postProject
	EndProjectSection
EndProject
Global
	GlobalSection(SolutionConfigurationPlatforms) = preSolution
		Debug|x64 = Debug|x64
		Release|x64 = Release|x64
		MinSizeRel|x64 = MinSizeRel|x64
		RelWithDebInfo|x64 = RelWithDebInfo|x64
	EndGlobalSection
	GlobalSection(ProjectConfigurationPlatforms) = postSolution
		{8A627414-3023-3141-AD63-57E30A5E4790}.Debug|x64.ActiveCfg = Debug|x64
		{8A627414-3023-3141-AD63-57E30A5E4790}.Debug|x64.Build.0 = Debug|x64
		{8A627414-3023-3141-AD63-57E30A5E4790}.Release|x64.ActiveCfg = Release|x64
		{8A627414-3023-3141-AD63-57E30A5E4790}.Release|x64.Build.0 = Release|x64
		{8A627414-3023-3141-AD63-57E30A5E4790}.MinSizeRel|x64.ActiveCfg = MinSizeRel|x64
		{8A627414-3023-3141-AD63-57E30A5E4790}.MinSizeRel|x64.Build.0 = MinSizeRel|x64
		{8A627414-3023-3141-AD63-57E30A5E4790}.RelWithDebInfo|x64.ActiveCfg = RelWithDebInfo|x64
		{8A627414-3023-3141-AD63-57E30A5E4790}.RelWithDebInfo|x64.Build.0 = RelWithDebInfo|x64
		{6B8AAB7E-6C2D-3A62-B8ED-05678D6C3028}.Debug|x64.ActiveCfg = Debug|x64
		{6B8AAB7E-6C2D-3A62-B8ED-05678D6C3028}.Debug|x64.Build.0 = Debug|x64
		{6B8AAB7E-6C2D-3A62-B8ED-05678D6C3028}.Release|x64.ActiveCfg = Release|x64
		{6B8AAB7E-6C2D-3A62-B8ED-05678D6C3028}.Release|x64.Build.0 = Release|x64
		{6B8AAB7E-6C2D-3A62-B8ED-05678D6C3028}.MinSizeRel|x64.ActiveCfg = MinSizeRel|x64
		{6B8AAB7E-6C2D-3A62-B8ED-05678D6C3028}.MinSizeRel|x64.Build.0 = MinSizeRel|x64
		{6B8AAB7E-6C2D-3A62-B8ED-05678D6C3028}.RelWithDebInfo|x64.ActiveCfg = RelWithDebInfo|x64
		{6B8AAB7E-6C2D-3A62-B8ED-05678D6C3028}.RelWithDebInfo|x64.Build.0 = RelWithDebInfo|x64
		{4ACFB111-1F05-3F5A-A8E8-B646703AE361}.Debug|x64.ActiveCfg = Debug|x64
		{4ACFB111-1F05-3F5A-A8E8-B646703AE361}.Release|x64.ActiveCfg = Release|x64
		{4ACFB111-1F05-3F5A-A8E8-B646703AE361}.MinSizeRel|x64.ActiveCfg = MinSizeRel|x64
		{4ACFB111-1F05-3F5A-A8E8-B646703AE361}.RelWithDebInfo|x64.ActiveCfg = RelWithDebInfo|x64
		{1074891B-655C-312D-870A-96A3A2756147}.Debug|x64.ActiveCfg = Debug|x64
		{1074891B-655C-312D-870A-96A3A2756147}.Debug|x64.Build.0 = Debug|x64
		{1074891B-655C-312D-870A-96A3A2756147}.Release|x64.ActiveCfg = Release|x64
		{1074891B-655C-312D-870A-96A3A2756147}.Release|x64.Build.0 = Release|x64
		{1074891B-655C-312D-870A-96A3A2756147}.MinSizeRel|x64.ActiveCfg = MinSizeRel|x64
		{1074891B-655C-312D-870A-96A3A2756147}.MinSizeRel|x64.Build.0 = MinSizeRel|x64
		{1074891B-655C-312D-870A-96A3A2756147}.RelWithDebInfo|x64.ActiveCfg = RelWithDebInfo|x64
		{1074891B-655C-312D-870A-96A3A2756147}.RelWithDebInfo|x64.Build.0 = RelWithDebInfo|x64
	EndGlobalSection
	GlobalSection(NestedProjects) = preSolution
		{8A627414-3023-3141-AD63-57E30A5E4790} = {4C6BA693-0D8E-36B0-8162-43E89492ADBC}
		{4ACFB111-1F05-3F5A-A8E8-B646703AE361} = {4C6BA693-0D8E-36B0-8162-43E89492ADBC}
		{1074891B-655C-312D-870A-96A3A2756147} = {4C6BA693-0D8E-36B0-8162-43E89492ADBC}
	EndGlobalSection
	GlobalSection(ExtensibilityGlobals) = postSolution
		SolutionGuid = {1410FF57-D3AB-3F11-B2B2-74AC83FE0BD2}
	EndGlobalSection
	GlobalSection(ExtensibilityAddIns) = postSolution
	EndGlobalSection
EndGlobal
